<?xml version="1.0" encoding="utf-8"?>
<Project xmlns="http://schemas.microsoft.com/developer/msbuild/2003">
  <ItemGroup>
    <Filter Include="Form Files">
      <UniqueIdentifier>{99349809-55BA-4b9d-BF79-8FDBB0286EB3}</UniqueIdentifier>
      <Extensions>ui</Extensions>
      <ParseFiles>false</ParseFiles>
    </Filter>
    <Filter Include="Generated Files">
      <UniqueIdentifier>{71ED8ED8-ACB9-4CE9-BBE1-E00B30144E11}</UniqueIdentifier>
      <Extensions>cpp;c;cxx;moc;h;def;odl;idl;res;</Extensions>
    </Filter>
    <Filter Include="Header Files">
      <UniqueIdentifier>{93995380-89BD-4b04-88EB-625FBE52EBFB}</UniqueIdentifier>
      <Extensions>h;hpp;hxx;hm;inl;inc;xsd</Extensions>
    </Filter>
    <Filter Include="Header Files">
      <UniqueIdentifier>{93995380-89BD-4b04-88EB-625FBE52EBFB}</UniqueIdentifier>
      <Extensions>h;hpp;hxx;hm;inl;inc;xsd</Extensions>
    </Filter>
    <Filter Include="Source Files">
      <UniqueIdentifier>{4FC737F1-C7A5-4376-A066-2A32D752A2FF}</UniqueIdentifier>
      <Extensions>cpp;c;cxx;def;odl;idl;hpj;bat;asm;asmx</Extensions>
    </Filter>
    <Filter Include="Source Files">
      <UniqueIdentifier>{4FC737F1-C7A5-4376-A066-2A32D752A2FF}</UniqueIdentifier>
      <Extensions>cpp;c;cxx;def;odl;idl;hpj;bat;asm;asmx</Extensions>
    </Filter>
    <Filter Include="Qt">
      <UniqueIdentifier>{5bcc129f-e252-424c-a057-a54164b8950d}</UniqueIdentifier>
    </Filter>
    <Filter Include="Qt\Header Files">
      <UniqueIdentifier>{20275da2-0a38-42d0-954e-8228bc2bc41d}</UniqueIdentifier>
    </Filter>
    <Filter Include="Qt\Source Files">
      <UniqueIdentifier>{5261886e-dc5f-4125-9ce2-345fa0fc4bee}</UniqueIdentifier>
    </Filter>
    <Filter Include="Qt\Form Files">
      <UniqueIdentifier>{99349809-55BA-4b9d-BF79-8FDBB0286EB3}</UniqueIdentifier>
      <Extensions>ui</Extensions>
      <ParseFiles>false</ParseFiles>
    </Filter>
    <Filter Include="Qt\Generated Files">
      <UniqueIdentifier>{71ED8ED8-ACB9-4CE9-BBE1-E00B30144E11}</UniqueIdentifier>
      <Extensions>cpp;c;cxx;moc;h;def;odl;idl;res;</Extensions>
    </Filter>
  </ItemGroup>
  <ItemGroup>
    <ClCompile Include="Account.cpp">
      <Filter>Source Files</Filter>
    </ClCompile>
    <ClCompile Include="CaisseEpargneTransactionReader.cpp">
      <Filter>Source Files</Filter>
    </ClCompile>
    <ClCompile Include="main.cpp">
      <Filter>Source Files</Filter>
    </ClCompile>
    <ClCompile Include="Repository.cpp">
      <Filter>Source Files</Filter>
    </ClCompile>
    <ClCompile Include="Transaction.cpp">
      <Filter>Source Files</Filter>
    </ClCompile>
    <ClCompile Include="Utils.cpp">
      <Filter>Source Files</Filter>
    </ClCompile>
    <ClCompile Include="gui\mainwindow.cpp">
      <Filter>Qt\Source Files</Filter>
    </ClCompile>
    <ClCompile Include="Qt\QtApplication.cpp">
      <Filter>Qt\Source Files</Filter>
    </ClCompile>
    <ClCompile Include="UnexpectedCurrencyException.cpp">
      <Filter>Source Files</Filter>
    </ClCompile>
    <ClCompile Include="Currency.cpp">
      <Filter>Source Files</Filter>
    </ClCompile>
    <ClCompile Include="Bank.cpp">
      <Filter>Source Files</Filter>
    </ClCompile>
    <ClCompile Include="User.cpp">
      <Filter>Source Files</Filter>
    </ClCompile>
    <ClCompile Include="TransactionGroup.cpp">
      <Filter>Source Files</Filter>
    </ClCompile>
  </ItemGroup>
  <ItemGroup>
    <ClInclude Include="Account.h">
      <Filter>Header Files</Filter>
    </ClInclude>
    <ClInclude Include="CaisseEpargneTransactionReader.h">
      <Filter>Header Files</Filter>
    </ClInclude>
    <ClInclude Include="Repository.h">
      <Filter>Header Files</Filter>
    </ClInclude>
    <ClInclude Include="Transaction.h">
      <Filter>Header Files</Filter>
    </ClInclude>
    <ClInclude Include="TransactionReader.h">
      <Filter>Header Files</Filter>
    </ClInclude>
    <ClInclude Include="TransactionList.h">
      <Filter>Header Files</Filter>
    </ClInclude>
    <ClInclude Include="Currency.h">
      <Filter>Header Files</Filter>
    </ClInclude>
    <ClInclude Include="Utils.h">
      <Filter>Header Files</Filter>
    </ClInclude>
    <ClInclude Include="MalformedTransactionListException.h">
      <Filter>Header Files</Filter>
    </ClInclude>
    <ClInclude Include="Application.h">
      <Filter>Header Files</Filter>
    </ClInclude>
    <ClInclude Include="Qt\QtApplication.h">
      <Filter>Qt\Header Files</Filter>
    </ClInclude>
    <ClInclude Include="Bank.h">
      <Filter>Header Files</Filter>
    </ClInclude>
    <ClInclude Include="User.h">
      <Filter>Header Files</Filter>
    </ClInclude>
    <ClInclude Include="TransactionGroup.h">
      <Filter>Header Files</Filter>
    </ClInclude>
    <ClInclude Include="UnexpectedCurrencyException.h">
      <Filter>Header Files</Filter>
    </ClInclude>
  </ItemGroup>
  <ItemGroup>
    <CustomBuild Include="debug\moc_predefs.h.cbt">
      <Filter>Qt\Generated Files</Filter>
    </CustomBuild>
    <CustomBuild Include="release\moc_predefs.h.cbt">
      <Filter>Qt\Generated Files</Filter>
    </CustomBuild>
  </ItemGroup>
  <ItemGroup>
    <QtUic Include="gui\mainwindow.ui">
      <Filter>Qt\Form Files</Filter>
    </QtUic>
  </ItemGroup>
  <ItemGroup>
    <QtMoc Include="gui\mainwindow.h">
      <Filter>Qt\Header Files</Filter>
    </QtMoc>
  </ItemGroup>
</Project>